{
  "name": "news",
  "version": "1.0.0",
  "lockfileVersion": 1,
  "requires": true,
  "dependencies": {
    "workbox-sw": {
      "version": "5.1.1",
      "resolved": "https://registry.npmjs.org/workbox-sw/-/workbox-sw-5.1.1.tgz",
      "integrity": "sha512-v6wS7vKgPzyUCwX1fw4fMNhV8mxEyb0acy/naxtRzSjVkYhs8iHRAJfuuHlmVXEcsNn9+6b/um7S50h2zvtHXQ=="
    }
  }
}
